
Microsoft Visual Studio Solution File, Format Version 12.00
# Visual Studio Express 2012 for Windows Desktop
Project("{FAE04EC0-301F-11D3-BF4B-00C04F79EFBC}") = "CCodeParser", "CCodeParser\CCodeParser.csproj", "{649DB742-6871-4E34-A762-A1D6CC10E19C}"
EndProject
Project("{FAE04EC0-301F-11D3-BF4B-00C04F79EFBC}") = "UnitTestCCodeParser", "UnitTestCCodeParser\UnitTestCCodeParser.csproj", "{FB4AEE49-8C53-49BF-9906-88DDB8CF5F18}"
EndProject
Global
	GlobalSection(SolutionConfigurationPlatforms) = preSolution
		Debug|Any CPU = Debug|Any CPU
		Release|Any CPU = Release|Any CPU
	EndGlobalSection
	GlobalSection(ProjectConfigurationPlatforms) = postSolution
		{649DB742-6871-4E34-A762-A1D6CC10E19C}.Debug|Any CPU.ActiveCfg = Debug|Any CPU
		{649DB742-6871-4E34-A762-A1D6CC10E19C}.Debug|Any CPU.Build.0 = Debug|Any CPU
		{649DB742-6871-4E34-A762-A1D6CC10E19C}.Release|Any CPU.ActiveCfg = Release|Any CPU
		{649DB742-6871-4E34-A762-A1D6CC10E19C}.Release|Any CPU.Build.0 = Release|Any CPU
		{FB4AEE49-8C53-49BF-9906-88DDB8CF5F18}.Debug|Any CPU.ActiveCfg = Debug|Any CPU
		{FB4AEE49-8C53-49BF-9906-88DDB8CF5F18}.Debug|Any CPU.Build.0 = Debug|Any CPU
		{FB4AEE49-8C53-49BF-9906-88DDB8CF5F18}.Release|Any CPU.ActiveCfg = Release|Any CPU
		{FB4AEE49-8C53-49BF-9906-88DDB8CF5F18}.Release|Any CPU.Build.0 = Release|Any CPU
	EndGlobalSection
	GlobalSection(SolutionProperties) = preSolution
		HideSolutionNode = FALSE
	EndGlobalSection
EndGlobal
